// !$*UTF8*$!
{
	archiveVersion = 1;
	classes = {
	};
	objectVersion = 48;
	objects = {

/* Begin PBXBuildFile section */
		070304211FFC130600322600 /* HoursOfServiceViewController.swift in Sources */ = {isa = PBXBuildFile; fileRef = 070304201FFC130600322600 /* HoursOfServiceViewController.swift */; };
		076B930E1FFEC7EE0057F94C /* DrivingOptions.swift in Sources */ = {isa = PBXBuildFile; fileRef = 076B930D1FFEC7EE0057F94C /* DrivingOptions.swift */; };
		077BF41D1FF35379002285DA /* AppDelegate.swift in Sources */ = {isa = PBXBuildFile; fileRef = 077BF41C1FF35379002285DA /* AppDelegate.swift */; };
		077BF41F1FF35379002285DA /* LogInViewController.swift in Sources */ = {isa = PBXBuildFile; fileRef = 077BF41E1FF35379002285DA /* LogInViewController.swift */; };
		077BF4221FF35379002285DA /* Main.storyboard in Resources */ = {isa = PBXBuildFile; fileRef = 077BF4201FF35379002285DA /* Main.storyboard */; };
		077BF4241FF35379002285DA /* Assets.xcassets in Resources */ = {isa = PBXBuildFile; fileRef = 077BF4231FF35379002285DA /* Assets.xcassets */; };
		077BF4271FF35379002285DA /* LaunchScreen.storyboard in Resources */ = {isa = PBXBuildFile; fileRef = 077BF4251FF35379002285DA /* LaunchScreen.storyboard */; };
/* End PBXBuildFile section */

/* Begin PBXFileReference section */
		070304201FFC130600322600 /* HoursOfServiceViewController.swift */ = {isa = PBXFileReference; lastKnownFileType = sourcecode.swift; path = HoursOfServiceViewController.swift; sourceTree = "<group>"; };
		076B930D1FFEC7EE0057F94C /* DrivingOptions.swift */ = {isa = PBXFileReference; lastKnownFileType = sourcecode.swift; path = DrivingOptions.swift; sourceTree = "<group>"; };
		077BF4191FF35379002285DA /* ELDHOS.app */ = {isa = PBXFileReference; explicitFileType = wrapper.application; includeInIndex = 0; path = ELDHOS.app; sourceTree = BUILT_PRODUCTS_DIR; };
		077BF41C1FF35379002285DA /* AppDelegate.swift */ = {isa = PBXFileReference; lastKnownFileType = sourcecode.swift; path = AppDelegate.swift; sourceTree = "<group>"; };
		077BF41E1FF35379002285DA /* LogInViewController.swift */ = {isa = PBXFileReference; lastKnownFileType = sourcecode.swift; path = LogInViewController.swift; sourceTree = "<group>"; };
		077BF4211FF35379002285DA /* Base */ = {isa = PBXFileReference; lastKnownFileType = file.storyboard; name = Base; path = Base.lproj/Main.storyboard; sourceTree = "<group>"; };
		077BF4231FF35379002285DA /* Assets.xcassets */ = {isa = PBXFileReference; lastKnownFileType = folder.assetcatalog; path = Assets.xcassets; sourceTree = "<group>"; };
		077BF4261FF35379002285DA /* Base */ = {isa = PBXFileReference; lastKnownFileType = file.storyboard; name = Base; path = Base.lproj/LaunchScreen.storyboard; sourceTree = "<group>"; };
		077BF4281FF35379002285DA /* Info.plist */ = {isa = PBXFileReference; lastKnownFileType = text.plist.xml; path = Info.plist; sourceTree = "<group>"; };
/* End PBXFileReference section */

/* Begin PBXFrameworksBuildPhase section */
		077BF4161FF35379002285DA /* Frameworks */ = {
			isa = PBXFrameworksBuildPhase;
			buildActionMask = 2147483647;
			files = (
			);
			runOnlyForDeploymentPostprocessing = 0;
		};
/* End PBXFrameworksBuildPhase section */

/* Begin PBXGroup section */
		0703041A1FFC11C800322600 /* Controller */ = {
			isa = PBXGroup;
			children = (
				077BF41E1FF35379002285DA /* LogInViewController.swift */,
				077BF41C1FF35379002285DA /* AppDelegate.swift */,
				070304201FFC130600322600 /* HoursOfServiceViewController.swift */,
			);
			path = Controller;
			sourceTree = "<group>";
		};
		0703041C1FFC11F100322600 /* View */ = {
			isa = PBXGroup;
			children = (
				077BF4201FF35379002285DA /* Main.storyboard */,
				077BF4251FF35379002285DA /* LaunchScreen.storyboard */,
			);
			path = View;
			sourceTree = "<group>";
		};
		0703041D1FFC120800322600 /* Model */ = {
			isa = PBXGroup;
			children = (
				076B930D1FFEC7EE0057F94C /* DrivingOptions.swift */,
			);
			path = Model;
			sourceTree = "<group>";
		};
		077BF4101FF35379002285DA = {
			isa = PBXGroup;
			children = (
				077BF41B1FF35379002285DA /* ELDHOS */,
				077BF41A1FF35379002285DA /* Products */,
			);
			sourceTree = "<group>";
		};
		077BF41A1FF35379002285DA /* Products */ = {
			isa = PBXGroup;
			children = (
				077BF4191FF35379002285DA /* ELDHOS.app */,
			);
			name = Products;
			sourceTree = "<group>";
		};
		077BF41B1FF35379002285DA /* ELDHOS */ = {
			isa = PBXGroup;
			children = (
				0703041D1FFC120800322600 /* Model */,
				0703041C1FFC11F100322600 /* View */,
				0703041A1FFC11C800322600 /* Controller */,
				077BF4281FF35379002285DA /* Info.plist */,
				077BF4231FF35379002285DA /* Assets.xcassets */,
			);
			path = ELDHOS;
			sourceTree = "<group>";
		};
/* End PBXGroup section */

/* Begin PBXNativeTarget section */
		077BF4181FF35379002285DA /* ELDHOS */ = {
			isa = PBXNativeTarget;
			buildConfigurationList = 077BF42B1FF35379002285DA /* Build configuration list for PBXNativeTarget "ELDHOS" */;
			buildPhases = (
				077BF4151FF35379002285DA /* Sources */,
				077BF4161FF35379002285DA /* Frameworks */,
				077BF4171FF35379002285DA /* Resources */,
			);
			buildRules = (
			);
			dependencies = (
			);
			name = ELDHOS;
			productName = ELDHOS;
			productReference = 077BF4191FF35379002285DA /* ELDHOS.app */;
			productType = "com.apple.product-type.application";
		};
/* End PBXNativeTarget section */

/* Begin PBXProject section */
		077BF4111FF35379002285DA /* Project object */ = {
			isa = PBXProject;
			attributes = {
				LastSwiftUpdateCheck = 0920;
				LastUpgradeCheck = 0920;
				ORGANIZATIONNAME = "Vineet Baid";
				TargetAttributes = {
					077BF4181FF35379002285DA = {
						CreatedOnToolsVersion = 9.2;
						ProvisioningStyle = Automatic;
					};
				};
			};
			buildConfigurationList = 077BF4141FF35379002285DA /* Build configuration list for PBXProject "ELDHOS" */;
			compatibilityVersion = "Xcode 8.0";
			developmentRegion = en;
			hasScannedForEncodings = 0;
			knownRegions = (
				en,
				Base,
			);
			mainGroup = 077BF4101FF35379002285DA;
			productRefGroup = 077BF41A1FF35379002285DA /* Products */;
			projectDirPath = "";
			projectRoot = "";
			targets = (
				077BF4181FF35379002285DA /* ELDHOS */,
			);
		};
/* End PBXProject section */

/* Begin PBXResourcesBuildPhase section */
		077BF4171FF35379002285DA /* Resources */ = {
			isa = PBXResourcesBuildPhase;
			buildActionMask = 2147483647;
			files = (
				077BF4271FF35379002285DA /* LaunchScreen.storyboard in Resources */,
				077BF4241FF35379002285DA /* Assets.xcassets in Resources */,
				077BF4221FF35379002285DA /* Main.storyboard in Resources */,
			);
			runOnlyForDeploymentPostprocessing = 0;
		};
/* End PBXResourcesBuildPhase section */

/* Begin PBXSourcesBuildPhase section */
		077BF4151FF35379002285DA /* Sources */ = {
			isa = PBXSourcesBuildPhase;
			buildActionMask = 2147483647;
			files = (
				077BF41F1FF35379002285DA /* LogInViewController.swift in Sources */,
				070304211FFC130600322600 /* HoursOfServiceViewController.swift in Sources */,
				076B930E1FFEC7EE0057F94C /* DrivingOptions.swift in Sources */,
				077BF41D1FF35379002285DA /* AppDelegate.swift in Sources */,
			);
			runOnlyForDeploymentPostprocessing = 0;
		};
/* End PBXSourcesBuildPhase section */

/* Begin PBXVariantGroup section */
		077BF4201FF35379002285DA /* Main.storyboard */ = {
			isa = PBXVariantGroup;
			children = (
				077BF4211FF35379002285DA /* Base */,
			);
			name = Main.storyboard;
			sourceTree = "<group>";
		};
		077BF4251FF35379002285DA /* LaunchScreen.storyboard */ = {
			isa = PBXVariantGroup;
			children = (
				077BF4261FF35379002285DA /* Base */,
			);
			name = LaunchScreen.storyboard;
			sourceTree = "<group>";
		};
/* End PBXVariantGroup section */

/* Begin XCBuildConfiguration section */
		077BF4291FF35379002285DA /* Debug */ = {
			isa = XCBuildConfiguration;
			buildSettings = {
				ALWAYS_SEARCH_USER_PATHS = NO;
				CLANG_ANALYZER_NONNULL = YES;
				CLANG_ANALYZER_NUMBER_OBJECT_CONVERSION = YES_AGGRESSIVE;
				CLANG_CXX_LANGUAGE_STANDARD = "gnu++14";
				CLANG_CXX_LIBRARY = "libc++";
				CLANG_ENABLE_MODULES = YES;
				CLANG_ENABLE_OBJC_ARC = YES;
				CLANG_WARN_BLOCK_CAPTURE_AUTORELEASING = YES;
				CLANG_WARN_BOOL_CONVERSION = YES;
				CLANG_WARN_COMMA = YES;
				CLANG_WARN_CONSTANT_CONVERSION = YES;
				CLANG_WARN_DIRECT_OBJC_ISA_USAGE = YES_ERROR;
				CLANG_WARN_DOCUMENTATION_COMMENTS = YES;
				CLANG_WARN_EMPTY_BODY = YES;
				CLANG_WARN_ENUM_CONVERSION = YES;
				CLANG_WARN_INFINITE_RECURSION = YES;
				CLANG_WARN_INT_CONVERSION = YES;
				CLANG_WARN_NON_LITERAL_NULL_CONVERSION = YES;
				CLANG_WARN_OBJC_LITERAL_CONVERSION = YES;
				CLANG_WARN_OBJC_ROOT_CLASS = YES_ERROR;
				CLANG_WARN_RANGE_LOOP_ANALYSIS = YES;
				CLANG_WARN_STRICT_PROTOTYPES = YES;
				CLANG_WARN_SUSPICIOUS_MOVE = YES;
				CLANG_WARN_UNGUARDED_AVAILABILITY = YES_AGGRESSIVE;
				CLANG_WARN_UNREACHABLE_CODE = YES;
				CLANG_WARN__DUPLICATE_METHOD_MATCH = YES;
				CODE_SIGN_IDENTITY = "iPhone Developer";
				COPY_PHASE_STRIP = NO;
				DEBUG_INFORMATION_FORMAT = dwarf;
				ENABLE_STRICT_OBJC_MSGSEND = YES;
				ENABLE_TESTABILITY = YES;
				GCC_C_LANGUAGE_STANDARD = gnu11;
				GCC_DYNAMIC_NO_PIC = NO;
				GCC_NO_COMMON_BLOCKS = YES;
				GCC_OPTIMIZATION_LEVEL = 0;
				GCC_PREPROCESSOR_DEFINITIONS = (
					"DEBUG=1",
					"$(inherited)",
				);
				GCC_WARN_64_TO_32_BIT_CONVERSION = YES;
				GCC_WARN_ABOUT_RETURN_TYPE = YES_ERROR;
				GCC_WARN_UNDECLARED_SELECTOR = YES;
				GCC_WARN_UNINITIALIZED_AUTOS = YES_AGGRESSIVE;
				GCC_WARN_UNUSED_FUNCTION = YES;
				GCC_WARN_UNUSED_VARIABLE = YES;
				IPHONEOS_DEPLOYMENT_TARGET = 11.2;
				MTL_ENABLE_DEBUG_INFO = YES;
				ONLY_ACTIVE_ARCH = YES;
				SDKROOT = iphoneos;
				SWIFT_ACTIVE_COMPILATION_CONDITIONS = DEBUG;
				SWIFT_OPTIMIZATION_LEVEL = "-Onone";
			};
			name = Debug;
		};
		077BF42A1FF35379002285DA /* Release */ = {
			isa = XCBuildConfiguration;
			buildSettings = {
				ALWAYS_SEARCH_USER_PATHS = NO;
				CLANG_ANALYZER_NONNULL = YES;
				CLANG_ANALYZER_NUMBER_OBJECT_CONVERSION = YES_AGGRESSIVE;
				CLANG_CXX_LANGUAGE_STANDARD = "gnu++14";
				CLANG_CXX_LIBRARY = "libc++";
				CLANG_ENABLE_MODULES = YES;
				CLANG_ENABLE_OBJC_ARC = YES;
				CLANG_WARN_BLOCK_CAPTURE_AUTORELEASING = YES;
				CLANG_WARN_BOOL_CONVERSION = YES;
				CLANG_WARN_COMMA = YES;
				CLANG_WARN_CONSTANT_CONVERSION = YES;
				CLANG_WARN_DIRECT_OBJC_ISA_USAGE = YES_ERROR;
				CLANG_WARN_DOCUMENTATION_COMMENTS = YES;
				CLANG_WARN_EMPTY_BODY = YES;
				CLANG_WARN_ENUM_CONVERSION = YES;
				CLANG_WARN_INFINITE_RECURSION = YES;
				CLANG_WARN_INT_CONVERSION = YES;
				CLANG_WARN_NON_LITERAL_NULL_CONVERSION = YES;
				CLANG_WARN_OBJC_LITERAL_CONVERSION = YES;
				CLANG_WARN_OBJC_ROOT_CLASS = YES_ERROR;
				CLANG_WARN_RANGE_LOOP_ANALYSIS = YES;
				CLANG_WARN_STRICT_PROTOTYPES = YES;
				CLANG_WARN_SUSPICIOUS_MOVE = YES;
				CLANG_WARN_UNGUARDED_AVAILABILITY = YES_AGGRESSIVE;
				CLANG_WARN_UNREACHABLE_CODE = YES;
				CLANG_WARN__DUPLICATE_METHOD_MATCH = YES;
				CODE_SIGN_IDENTITY = "iPhone Developer";
				COPY_PHASE_STRIP = NO;
				DEBUG_INFORMATION_FORMAT = "dwarf-with-dsym";
				ENABLE_NS_ASSERTIONS = NO;
				ENABLE_STRICT_OBJC_MSGSEND = YES;
				GCC_C_LANGUAGE_STANDARD = gnu11;
				GCC_NO_COMMON_BLOCKS = YES;
				GCC_WARN_64_TO_32_BIT_CONVERSION = YES;
				GCC_WARN_ABOUT_RETURN_TYPE = YES_ERROR;
				GCC_WARN_UNDECLARED_SELECTOR = YES;
				GCC_WARN_UNINITIALIZED_AUTOS = YES_AGGRESSIVE;
				GCC_WARN_UNUSED_FUNCTION = YES;
				GCC_WARN_UNUSED_VARIABLE = YES;
				IPHONEOS_DEPLOYMENT_TARGET = 11.2;
				MTL_ENABLE_DEBUG_INFO = NO;
				SDKROOT = iphoneos;
				SWIFT_OPTIMIZATION_LEVEL = "-Owholemodule";
				VALIDATE_PRODUCT = YES;
			};
			name = Release;
		};
		077BF42C1FF35379002285DA /* Debug */ = {
			isa = XCBuildConfiguration;
			buildSettings = {
				ASSETCATALOG_COMPILER_APPICON_NAME = AppIcon;
				CODE_SIGN_STYLE = Automatic;
				DEBUG_ACTIVITY_MODE = "";
				DEVELOPMENT_TEAM = R226SLVZS7;
				INFOPLIST_FILE = ELDHOS/Info.plist;
				LD_RUNPATH_SEARCH_PATHS = "$(inherited) @executable_path/Frameworks";
				"MTL_ENABLE_DEBUG_INFO[sdk=iphonesimulator*]" = default;
				PRODUCT_BUNDLE_IDENTIFIER = com.VineetBaid.ELDHOS;
				PRODUCT_NAME = "$(TARGET_NAME)";
				SWIFT_VERSION = 4.0;
				TARGETED_DEVICE_FAMILY = "1,2";
			};
			name = Debug;
		};
		077BF42D1FF35379002285DA /* Release */ = {
			isa = XCBuildConfiguration;
			buildSettings = {
				ASSETCATALOG_COMPILER_APPICON_NAME = AppIcon;
				CODE_SIGN_STYLE = Automatic;
				DEBUG_ACTIVITY_MODE = "";
				DEVELOPMENT_TEAM = R226SLVZS7;
				INFOPLIST_FILE = ELDHOS/Info.plist;
				LD_RUNPATH_SEARCH_PATHS = "$(inherited) @executable_path/Frameworks";
				PRODUCT_BUNDLE_IDENTIFIER = com.VineetBaid.ELDHOS;
				PRODUCT_NAME = "$(TARGET_NAME)";
				SWIFT_VERSION = 4.0;
				TARGETED_DEVICE_FAMILY = "1,2";
			};
			name = Release;
		};
/* End XCBuildConfiguration section */

/* Begin XCConfigurationList section */
		077BF4141FF35379002285DA /* Build configuration list for PBXProject "ELDHOS" */ = {
			isa = XCConfigurationList;
			buildConfigurations = (
				077BF4291FF35379002285DA /* Debug */,
				077BF42A1FF35379002285DA /* Release */,
			);
			defaultConfigurationIsVisible = 0;
			defaultConfigurationName = Release;
		};
		077BF42B1FF35379002285DA /* Build configuration list for PBXNativeTarget "ELDHOS" */ = {
			isa = XCConfigurationList;
			buildConfigurations = (
				077BF42C1FF35379002285DA /* Debug */,
				077BF42D1FF35379002285DA /* Release */,
			);
			defaultConfigurationIsVisible = 0;
			defaultConfigurationName = Release;
		};
/* End XCConfigurationList section */
	};
	rootObject = 077BF4111FF35379002285DA /* Project object */;
}
